
Microsoft Visual Studio Solution File, Format Version 12.00
# Visual Studio Version 17
VisualStudioVersion = 17.2.32526.322
MinimumVisualStudioVersion = 10.0.40219.1
Project("{FAE04EC0-301F-11D3-BF4B-00C04F79EFBC}") = "MulticastDelegateDemo", "MulticastDelegateDemo\MulticastDelegateDemo.csproj", "{F58BE21B-78D3-411D-96B7-AD8671B857AF}"
EndProject
Global
	GlobalSection(SolutionConfigurationPlatforms) = preSolution
		Debug|Any CPU = Debug|Any CPU
		Release|Any CPU = Release|Any CPU
	EndGlobalSection
	GlobalSection(ProjectConfigurationPlatforms) = postSolution
		{F58BE21B-78D3-411D-96B7-AD8671B857AF}.Debug|Any CPU.ActiveCfg = Debug|Any CPU
		{F58BE21B-78D3-411D-96B7-AD8671B857AF}.Debug|Any CPU.Build.0 = Debug|Any CPU
		{F58BE21B-78D3-411D-96B7-AD8671B857AF}.Release|Any CPU.ActiveCfg = Release|Any CPU
		{F58BE21B-78D3-411D-96B7-AD8671B857AF}.Release|Any CPU.Build.0 = Release|Any CPU
	EndGlobalSection
	GlobalSection(SolutionProperties) = preSolution
		HideSolutionNode = FALSE
	EndGlobalSection
	GlobalSection(ExtensibilityGlobals) = postSolution
		SolutionGuid = {7A3E8855-8B62-47DC-92DE-285ECD188054}
	EndGlobalSection
EndGlobal
